
Microsoft Visual Studio Solution File, Format Version 12.00
# Visual Studio Version 17
VisualStudioVersion = 17.3.32922.545
MinimumVisualStudioVersion = 10.0.40219.1
Project("{FAE04EC0-301F-11D3-BF4B-00C04F79EFBC}") = "LeapYearKata", "LeapYearKata\LeapYearKata.csproj", "{5158D629-E592-4428-B80C-F54D4F875CD2}"
EndProject
Project("{FAE04EC0-301F-11D3-BF4B-00C04F79EFBC}") = "LeapYearKata.Test", "LeapYearKata.Test\LeapYearKata.Test.csproj", "{6616C7D7-9610-4F00-BB4A-C0BC4DEBF4C7}"
EndProject
Global
	GlobalSection(SolutionConfigurationPlatforms) = preSolution
		Debug|Any CPU = Debug|Any CPU
		Release|Any CPU = Release|Any CPU
	EndGlobalSection
	GlobalSection(ProjectConfigurationPlatforms) = postSolution
		{5158D629-E592-4428-B80C-F54D4F875CD2}.Debug|Any CPU.ActiveCfg = Debug|Any CPU
		{5158D629-E592-4428-B80C-F54D4F875CD2}.Debug|Any CPU.Build.0 = Debug|Any CPU
		{5158D629-E592-4428-B80C-F54D4F875CD2}.Release|Any CPU.ActiveCfg = Release|Any CPU
		{5158D629-E592-4428-B80C-F54D4F875CD2}.Release|Any CPU.Build.0 = Release|Any CPU
		{6616C7D7-9610-4F00-BB4A-C0BC4DEBF4C7}.Debug|Any CPU.ActiveCfg = Debug|Any CPU
		{6616C7D7-9610-4F00-BB4A-C0BC4DEBF4C7}.Debug|Any CPU.Build.0 = Debug|Any CPU
		{6616C7D7-9610-4F00-BB4A-C0BC4DEBF4C7}.Release|Any CPU.ActiveCfg = Release|Any CPU
		{6616C7D7-9610-4F00-BB4A-C0BC4DEBF4C7}.Release|Any CPU.Build.0 = Release|Any CPU
	EndGlobalSection
	GlobalSection(SolutionProperties) = preSolution
		HideSolutionNode = FALSE
	EndGlobalSection
	GlobalSection(ExtensibilityGlobals) = postSolution
		SolutionGuid = {7106392C-1839-49BF-AAD4-4C298E62BCCB}
	EndGlobalSection
EndGlobal
